// !$*UTF8*$!
{
	archiveVersion = 1;
	classes = {
	};
	objectVersion = 46;
	objects = {

/* Begin PBXBuildFile section */
		7C17EE2312BACFBF007B72A6 /* enable.c in Sources */ = {isa = PBXBuildFile; fileRef = 7C17EE1612BACFBF007B72A6 /* enable.c */; };
		7C17EE2412BACFBF007B72A6 /* fullscreen.c in Sources */ = {isa = PBXBuildFile; fileRef = 7C17EE1712BACFBF007B72A6 /* fullscreen.c */; };
		7C17EE2512BACFBF007B72A6 /* glext.c in Sources */ = {isa = PBXBuildFile; fileRef = 7C17EE1812BACFBF007B72A6 /* glext.c */; };
		7C17EE2612BACFBF007B72A6 /* image.c in Sources */ = {isa = PBXBuildFile; fileRef = 7C17EE1912BACFBF007B72A6 /* image.c */; };
		7C17EE2712BACFBF007B72A6 /* init.c in Sources */ = {isa = PBXBuildFile; fileRef = 7C17EE1A12BACFBF007B72A6 /* init.c */; };
		7C17EE2812BACFBF007B72A6 /* input.c in Sources */ = {isa = PBXBuildFile; fileRef = 7C17EE1B12BACFBF007B72A6 /* input.c */; };
		7C17EE2912BACFBF007B72A6 /* joystick.c in Sources */ = {isa = PBXBuildFile; fileRef = 7C17EE1D12BACFBF007B72A6 /* joystick.c */; };
		7C17EE2A12BACFBF007B72A6 /* stream.c in Sources */ = {isa = PBXBuildFile; fileRef = 7C17EE1E12BACFBF007B72A6 /* stream.c */; };
		7C17EE2B12BACFBF007B72A6 /* tga.c in Sources */ = {isa = PBXBuildFile; fileRef = 7C17EE1F12BACFBF007B72A6 /* tga.c */; };
		7C17EE2C12BACFBF007B72A6 /* thread.c in Sources */ = {isa = PBXBuildFile; fileRef = 7C17EE2012BACFBF007B72A6 /* thread.c */; };
		7C17EE2D12BACFBF007B72A6 /* time.c in Sources */ = {isa = PBXBuildFile; fileRef = 7C17EE2112BACFBF007B72A6 /* time.c */; };
		7C17EE2E12BACFBF007B72A6 /* window.c in Sources */ = {isa = PBXBuildFile; fileRef = 7C17EE2212BACFBF007B72A6 /* window.c */; };
		7C17EE3812BACFDC007B72A6 /* cocoa_enable.m in Sources */ = {isa = PBXBuildFile; fileRef = 7C17EE2F12BACFDC007B72A6 /* cocoa_enable.m */; };
		7C17EE3912BACFDC007B72A6 /* cocoa_fullscreen.m in Sources */ = {isa = PBXBuildFile; fileRef = 7C17EE3012BACFDC007B72A6 /* cocoa_fullscreen.m */; };
		7C17EE3A12BACFDC007B72A6 /* cocoa_glext.m in Sources */ = {isa = PBXBuildFile; fileRef = 7C17EE3112BACFDC007B72A6 /* cocoa_glext.m */; };
		7C17EE3B12BACFDC007B72A6 /* cocoa_init.m in Sources */ = {isa = PBXBuildFile; fileRef = 7C17EE3212BACFDC007B72A6 /* cocoa_init.m */; };
		7C17EE3C12BACFDC007B72A6 /* cocoa_joystick.m in Sources */ = {isa = PBXBuildFile; fileRef = 7C17EE3312BACFDC007B72A6 /* cocoa_joystick.m */; };
		7C17EE3D12BACFDC007B72A6 /* cocoa_thread.c in Sources */ = {isa = PBXBuildFile; fileRef = 7C17EE3412BACFDC007B72A6 /* cocoa_thread.c */; };
		7C17EE3E12BACFDC007B72A6 /* cocoa_time.m in Sources */ = {isa = PBXBuildFile; fileRef = 7C17EE3512BACFDC007B72A6 /* cocoa_time.m */; };
		7C17EE3F12BACFDC007B72A6 /* cocoa_window.m in Sources */ = {isa = PBXBuildFile; fileRef = 7C17EE3612BACFDC007B72A6 /* cocoa_window.m */; };
		7C17EE5212BAD553007B72A6 /* stb_image.c in Sources */ = {isa = PBXBuildFile; fileRef = 7C17EE5112BAD553007B72A6 /* stb_image.c */; };
		7C793CD3185BB4DE005EC3DF /* main.mm in Sources */ = {isa = PBXBuildFile; fileRef = 7C793CD2185BB4DE005EC3DF /* main.mm */; };
		7C83FECA15730D2B007D5B80 /* stb_vorbis.c in Sources */ = {isa = PBXBuildFile; fileRef = 7C83FEC915730D2B007D5B80 /* stb_vorbis.c */; };
		7C8DB52F12AF2C210090FC6E /* OpenGL.framework in Frameworks */ = {isa = PBXBuildFile; fileRef = 7C8DB52E12AF2C210090FC6E /* OpenGL.framework */; };
		7CACF7FC12B5BBD4002E52F2 /* OpenAL.framework in Frameworks */ = {isa = PBXBuildFile; fileRef = 7CACF7FB12B5BBD4002E52F2 /* OpenAL.framework */; };
		7CACF8E812B5D1AF002E52F2 /* data in Resources */ = {isa = PBXBuildFile; fileRef = 7CACF8E612B5D1AF002E52F2 /* data */; };
		7CD5046E165B1A60009581D7 /* external in Resources */ = {isa = PBXBuildFile; fileRef = 7CD5046C165B1A60009581D7 /* external */; };
		7CD5046F165B1A60009581D7 /* internal in Resources */ = {isa = PBXBuildFile; fileRef = 7CD5046D165B1A60009581D7 /* internal */; };
		7CDF25461602B81600B598F3 /* IOKit.framework in Frameworks */ = {isa = PBXBuildFile; fileRef = 7CDF25451602B81600B598F3 /* IOKit.framework */; };
		8D11072B0486CEB800E47090 /* InfoPlist.strings in Resources */ = {isa = PBXBuildFile; fileRef = 089C165CFE840E0CC02AAC07 /* InfoPlist.strings */; };
		8D11072F0486CEB800E47090 /* Cocoa.framework in Frameworks */ = {isa = PBXBuildFile; fileRef = 1058C7A1FEA54F0111CA2CBB /* Cocoa.framework */; };
/* End PBXBuildFile section */

/* Begin PBXFileReference section */
		089C165DFE840E0CC02AAC07 /* English */ = {isa = PBXFileReference; fileEncoding = 4; lastKnownFileType = text.plist.strings; name = English; path = English.lproj/InfoPlist.strings; sourceTree = "<group>"; };
		1058C7A1FEA54F0111CA2CBB /* Cocoa.framework */ = {isa = PBXFileReference; lastKnownFileType = wrapper.framework; name = Cocoa.framework; path = /System/Library/Frameworks/Cocoa.framework; sourceTree = "<absolute>"; };
		13E42FB307B3F0F600E4EEF1 /* CoreData.framework */ = {isa = PBXFileReference; lastKnownFileType = wrapper.framework; name = CoreData.framework; path = /System/Library/Frameworks/CoreData.framework; sourceTree = "<absolute>"; };
		256AC3F00F4B6AF500CF3369 /* MonkeyGame_Prefix.pch */ = {isa = PBXFileReference; fileEncoding = 4; lastKnownFileType = sourcecode.c.h; path = MonkeyGame_Prefix.pch; sourceTree = "<group>"; };
		29B97324FDCFA39411CA2CEA /* AppKit.framework */ = {isa = PBXFileReference; lastKnownFileType = wrapper.framework; name = AppKit.framework; path = /System/Library/Frameworks/AppKit.framework; sourceTree = "<absolute>"; };
		29B97325FDCFA39411CA2CEA /* Foundation.framework */ = {isa = PBXFileReference; lastKnownFileType = wrapper.framework; name = Foundation.framework; path = /System/Library/Frameworks/Foundation.framework; sourceTree = "<absolute>"; };
		7C17EE1612BACFBF007B72A6 /* enable.c */ = {isa = PBXFileReference; fileEncoding = 4; lastKnownFileType = sourcecode.c.c; name = enable.c; path = ../glfw/lib/enable.c; sourceTree = SOURCE_ROOT; };
		7C17EE1712BACFBF007B72A6 /* fullscreen.c */ = {isa = PBXFileReference; fileEncoding = 4; lastKnownFileType = sourcecode.c.c; name = fullscreen.c; path = ../glfw/lib/fullscreen.c; sourceTree = SOURCE_ROOT; };
		7C17EE1812BACFBF007B72A6 /* glext.c */ = {isa = PBXFileReference; fileEncoding = 4; lastKnownFileType = sourcecode.c.c; name = glext.c; path = ../glfw/lib/glext.c; sourceTree = SOURCE_ROOT; };
		7C17EE1912BACFBF007B72A6 /* image.c */ = {isa = PBXFileReference; fileEncoding = 4; lastKnownFileType = sourcecode.c.c; name = image.c; path = ../glfw/lib/image.c; sourceTree = SOURCE_ROOT; };
		7C17EE1A12BACFBF007B72A6 /* init.c */ = {isa = PBXFileReference; fileEncoding = 4; lastKnownFileType = sourcecode.c.c; name = init.c; path = ../glfw/lib/init.c; sourceTree = SOURCE_ROOT; };
		7C17EE1B12BACFBF007B72A6 /* input.c */ = {isa = PBXFileReference; fileEncoding = 4; lastKnownFileType = sourcecode.c.c; name = input.c; path = ../glfw/lib/input.c; sourceTree = SOURCE_ROOT; };
		7C17EE1C12BACFBF007B72A6 /* internal.h */ = {isa = PBXFileReference; fileEncoding = 4; lastKnownFileType = sourcecode.c.h; name = internal.h; path = ../glfw/lib/internal.h; sourceTree = SOURCE_ROOT; };
		7C17EE1D12BACFBF007B72A6 /* joystick.c */ = {isa = PBXFileReference; fileEncoding = 4; lastKnownFileType = sourcecode.c.c; name = joystick.c; path = ../glfw/lib/joystick.c; sourceTree = SOURCE_ROOT; };
		7C17EE1E12BACFBF007B72A6 /* stream.c */ = {isa = PBXFileReference; fileEncoding = 4; lastKnownFileType = sourcecode.c.c; name = stream.c; path = ../glfw/lib/stream.c; sourceTree = SOURCE_ROOT; };
		7C17EE1F12BACFBF007B72A6 /* tga.c */ = {isa = PBXFileReference; fileEncoding = 4; lastKnownFileType = sourcecode.c.c; name = tga.c; path = ../glfw/lib/tga.c; sourceTree = SOURCE_ROOT; };
		7C17EE2012BACFBF007B72A6 /* thread.c */ = {isa = PBXFileReference; fileEncoding = 4; lastKnownFileType = sourcecode.c.c; name = thread.c; path = ../glfw/lib/thread.c; sourceTree = SOURCE_ROOT; };
		7C17EE2112BACFBF007B72A6 /* time.c */ = {isa = PBXFileReference; fileEncoding = 4; lastKnownFileType = sourcecode.c.c; name = time.c; path = ../glfw/lib/time.c; sourceTree = SOURCE_ROOT; };
		7C17EE2212BACFBF007B72A6 /* window.c */ = {isa = PBXFileReference; fileEncoding = 4; lastKnownFileType = sourcecode.c.c; name = window.c; path = ../glfw/lib/window.c; sourceTree = SOURCE_ROOT; };
		7C17EE2F12BACFDC007B72A6 /* cocoa_enable.m */ = {isa = PBXFileReference; fileEncoding = 4; lastKnownFileType = sourcecode.c.objc; name = cocoa_enable.m; path = ../glfw/lib/cocoa/cocoa_enable.m; sourceTree = SOURCE_ROOT; };
		7C17EE3012BACFDC007B72A6 /* cocoa_fullscreen.m */ = {isa = PBXFileReference; fileEncoding = 4; lastKnownFileType = sourcecode.c.objc; name = cocoa_fullscreen.m; path = ../glfw/lib/cocoa/cocoa_fullscreen.m; sourceTree = SOURCE_ROOT; };
		7C17EE3112BACFDC007B72A6 /* cocoa_glext.m */ = {isa = PBXFileReference; fileEncoding = 4; lastKnownFileType = sourcecode.c.objc; name = cocoa_glext.m; path = ../glfw/lib/cocoa/cocoa_glext.m; sourceTree = SOURCE_ROOT; };
		7C17EE3212BACFDC007B72A6 /* cocoa_init.m */ = {isa = PBXFileReference; fileEncoding = 4; lastKnownFileType = sourcecode.c.objc; name = cocoa_init.m; path = ../glfw/lib/cocoa/cocoa_init.m; sourceTree = SOURCE_ROOT; };
		7C17EE3312BACFDC007B72A6 /* cocoa_joystick.m */ = {isa = PBXFileReference; fileEncoding = 4; lastKnownFileType = sourcecode.c.objc; name = cocoa_joystick.m; path = ../glfw/lib/cocoa/cocoa_joystick.m; sourceTree = SOURCE_ROOT; };
		7C17EE3412BACFDC007B72A6 /* cocoa_thread.c */ = {isa = PBXFileReference; fileEncoding = 4; lastKnownFileType = sourcecode.c.c; name = cocoa_thread.c; path = ../glfw/lib/cocoa/cocoa_thread.c; sourceTree = SOURCE_ROOT; };
		7C17EE3512BACFDC007B72A6 /* cocoa_time.m */ = {isa = PBXFileReference; fileEncoding = 4; lastKnownFileType = sourcecode.c.objc; name = cocoa_time.m; path = ../glfw/lib/cocoa/cocoa_time.m; sourceTree = SOURCE_ROOT; };
		7C17EE3612BACFDC007B72A6 /* cocoa_window.m */ = {isa = PBXFileReference; fileEncoding = 4; lastKnownFileType = sourcecode.c.objc; name = cocoa_window.m; path = ../glfw/lib/cocoa/cocoa_window.m; sourceTree = SOURCE_ROOT; };
		7C17EE3712BACFDC007B72A6 /* platform.h */ = {isa = PBXFileReference; fileEncoding = 4; lastKnownFileType = sourcecode.c.h; name = platform.h; path = ../glfw/lib/cocoa/platform.h; sourceTree = SOURCE_ROOT; };
		7C17EE5112BAD553007B72A6 /* stb_image.c */ = {isa = PBXFileReference; fileEncoding = 4; lastKnownFileType = sourcecode.c.c; name = stb_image.c; path = ../stb/stb_image.c; sourceTree = SOURCE_ROOT; };
		7C793CD2185BB4DE005EC3DF /* main.mm */ = {isa = PBXFileReference; fileEncoding = 4; lastKnownFileType = sourcecode.cpp.objcpp; name = main.mm; path = ../main.mm; sourceTree = "<group>"; };
		7C83FEC915730D2B007D5B80 /* stb_vorbis.c */ = {isa = PBXFileReference; fileEncoding = 4; lastKnownFileType = sourcecode.c.c; name = stb_vorbis.c; path = ../stb/stb_vorbis.c; sourceTree = SOURCE_ROOT; };
		7C8DB52E12AF2C210090FC6E /* OpenGL.framework */ = {isa = PBXFileReference; lastKnownFileType = wrapper.framework; name = OpenGL.framework; path = System/Library/Frameworks/OpenGL.framework; sourceTree = SDKROOT; };
		7CACF7FB12B5BBD4002E52F2 /* OpenAL.framework */ = {isa = PBXFileReference; lastKnownFileType = wrapper.framework; name = OpenAL.framework; path = System/Library/Frameworks/OpenAL.framework; sourceTree = SDKROOT; };
		7CACF8E612B5D1AF002E52F2 /* data */ = {isa = PBXFileReference; lastKnownFileType = folder; path = data; sourceTree = "<group>"; };
		7CD5046C165B1A60009581D7 /* external */ = {isa = PBXFileReference; lastKnownFileType = folder; path = external; sourceTree = "<group>"; };
		7CD5046D165B1A60009581D7 /* internal */ = {isa = PBXFileReference; lastKnownFileType = folder; path = internal; sourceTree = "<group>"; };
		7CDF25451602B81600B598F3 /* IOKit.framework */ = {isa = PBXFileReference; lastKnownFileType = wrapper.framework; name = IOKit.framework; path = System/Library/Frameworks/IOKit.framework; sourceTree = SDKROOT; };
		8D1107310486CEB800E47090 /* MonkeyGame-Info.plist */ = {isa = PBXFileReference; fileEncoding = 4; lastKnownFileType = text.plist.xml; path = "MonkeyGame-Info.plist"; sourceTree = "<group>"; };
		8D1107320486CEB800E47090 /* MonkeyGame.app */ = {isa = PBXFileReference; explicitFileType = wrapper.application; includeInIndex = 0; path = MonkeyGame.app; sourceTree = BUILT_PRODUCTS_DIR; };
/* End PBXFileReference section */

/* Begin PBXFrameworksBuildPhase section */
		8D11072E0486CEB800E47090 /* Frameworks */ = {
			isa = PBXFrameworksBuildPhase;
			buildActionMask = 2147483647;
			files = (
				8D11072F0486CEB800E47090 /* Cocoa.framework in Frameworks */,
				7C8DB52F12AF2C210090FC6E /* OpenGL.framework in Frameworks */,
				7CACF7FC12B5BBD4002E52F2 /* OpenAL.framework in Frameworks */,
				7CDF25461602B81600B598F3 /* IOKit.framework in Frameworks */,
			);
			runOnlyForDeploymentPostprocessing = 0;
		};
/* End PBXFrameworksBuildPhase section */

/* Begin PBXGroup section */
		080E96DDFE201D6D7F000001 /* Classes */ = {
			isa = PBXGroup;
			children = (
			);
			name = Classes;
			sourceTree = "<group>";
		};
		1058C7A0FEA54F0111CA2CBB /* Linked Frameworks */ = {
			isa = PBXGroup;
			children = (
				1058C7A1FEA54F0111CA2CBB /* Cocoa.framework */,
			);
			name = "Linked Frameworks";
			sourceTree = "<group>";
		};
		1058C7A2FEA54F0111CA2CBB /* Other Frameworks */ = {
			isa = PBXGroup;
			children = (
				29B97324FDCFA39411CA2CEA /* AppKit.framework */,
				13E42FB307B3F0F600E4EEF1 /* CoreData.framework */,
				29B97325FDCFA39411CA2CEA /* Foundation.framework */,
			);
			name = "Other Frameworks";
			sourceTree = "<group>";
		};
		19C28FACFE9D520D11CA2CBB /* Products */ = {
			isa = PBXGroup;
			children = (
				8D1107320486CEB800E47090 /* MonkeyGame.app */,
			);
			name = Products;
			sourceTree = "<group>";
		};
		29B97314FDCFA39411CA2CEA /* MonkeyGame */ = {
			isa = PBXGroup;
			children = (
				080E96DDFE201D6D7F000001 /* Classes */,
				29B97315FDCFA39411CA2CEA /* Other Sources */,
				29B97317FDCFA39411CA2CEA /* Resources */,
				29B97323FDCFA39411CA2CEA /* Frameworks */,
				19C28FACFE9D520D11CA2CBB /* Products */,
			);
			name = MonkeyGame;
			sourceTree = "<group>";
		};
		29B97315FDCFA39411CA2CEA /* Other Sources */ = {
			isa = PBXGroup;
			children = (
				7C793CD2185BB4DE005EC3DF /* main.mm */,
				7C17EE5112BAD553007B72A6 /* stb_image.c */,
				7C83FEC915730D2B007D5B80 /* stb_vorbis.c */,
				7C17EE2F12BACFDC007B72A6 /* cocoa_enable.m */,
				7C17EE3012BACFDC007B72A6 /* cocoa_fullscreen.m */,
				7C17EE3112BACFDC007B72A6 /* cocoa_glext.m */,
				7C17EE3212BACFDC007B72A6 /* cocoa_init.m */,
				7C17EE3312BACFDC007B72A6 /* cocoa_joystick.m */,
				7C17EE3412BACFDC007B72A6 /* cocoa_thread.c */,
				7C17EE3512BACFDC007B72A6 /* cocoa_time.m */,
				7C17EE3612BACFDC007B72A6 /* cocoa_window.m */,
				7C17EE3712BACFDC007B72A6 /* platform.h */,
				7C17EE1612BACFBF007B72A6 /* enable.c */,
				7C17EE1712BACFBF007B72A6 /* fullscreen.c */,
				7C17EE1812BACFBF007B72A6 /* glext.c */,
				7C17EE1912BACFBF007B72A6 /* image.c */,
				7C17EE1A12BACFBF007B72A6 /* init.c */,
				7C17EE1B12BACFBF007B72A6 /* input.c */,
				7C17EE1C12BACFBF007B72A6 /* internal.h */,
				7C17EE1D12BACFBF007B72A6 /* joystick.c */,
				7C17EE1E12BACFBF007B72A6 /* stream.c */,
				7C17EE1F12BACFBF007B72A6 /* tga.c */,
				7C17EE2012BACFBF007B72A6 /* thread.c */,
				7C17EE2112BACFBF007B72A6 /* time.c */,
				7C17EE2212BACFBF007B72A6 /* window.c */,
				256AC3F00F4B6AF500CF3369 /* MonkeyGame_Prefix.pch */,
			);
			name = "Other Sources";
			sourceTree = "<group>";
		};
		29B97317FDCFA39411CA2CEA /* Resources */ = {
			isa = PBXGroup;
			children = (
				7CD5046C165B1A60009581D7 /* external */,
				7CD5046D165B1A60009581D7 /* internal */,
				7CACF8E612B5D1AF002E52F2 /* data */,
				8D1107310486CEB800E47090 /* MonkeyGame-Info.plist */,
				089C165CFE840E0CC02AAC07 /* InfoPlist.strings */,
			);
			name = Resources;
			sourceTree = "<group>";
		};
		29B97323FDCFA39411CA2CEA /* Frameworks */ = {
			isa = PBXGroup;
			children = (
				7CDF25451602B81600B598F3 /* IOKit.framework */,
				1058C7A0FEA54F0111CA2CBB /* Linked Frameworks */,
				1058C7A2FEA54F0111CA2CBB /* Other Frameworks */,
				7C8DB52E12AF2C210090FC6E /* OpenGL.framework */,
				7CACF7FB12B5BBD4002E52F2 /* OpenAL.framework */,
			);
			name = Frameworks;
			sourceTree = "<group>";
		};
/* End PBXGroup section */

/* Begin PBXNativeTarget section */
		8D1107260486CEB800E47090 /* MonkeyGame */ = {
			isa = PBXNativeTarget;
			buildConfigurationList = C01FCF4A08A954540054247B /* Build configuration list for PBXNativeTarget "MonkeyGame" */;
			buildPhases = (
				8D1107290486CEB800E47090 /* Resources */,
				8D11072C0486CEB800E47090 /* Sources */,
				8D11072E0486CEB800E47090 /* Frameworks */,
			);
			buildRules = (
			);
			dependencies = (
			);
			name = MonkeyGame;
			productInstallPath = "$(HOME)/Applications";
			productName = MonkeyGame;
			productReference = 8D1107320486CEB800E47090 /* MonkeyGame.app */;
			productType = "com.apple.product-type.application";
		};
/* End PBXNativeTarget section */

/* Begin PBXProject section */
		29B97313FDCFA39411CA2CEA /* Project object */ = {
			isa = PBXProject;
			attributes = {
				LastUpgradeCheck = 0440;
			};
			buildConfigurationList = C01FCF4E08A954540054247B /* Build configuration list for PBXProject "MonkeyGame" */;
			compatibilityVersion = "Xcode 3.2";
			developmentRegion = English;
			hasScannedForEncodings = 1;
			knownRegions = (
				English,
				Japanese,
				French,
				German,
			);
			mainGroup = 29B97314FDCFA39411CA2CEA /* MonkeyGame */;
			projectDirPath = "";
			projectRoot = "";
			targets = (
				8D1107260486CEB800E47090 /* MonkeyGame */,
			);
		};
/* End PBXProject section */

/* Begin PBXResourcesBuildPhase section */
		8D1107290486CEB800E47090 /* Resources */ = {
			isa = PBXResourcesBuildPhase;
			buildActionMask = 2147483647;
			files = (
				8D11072B0486CEB800E47090 /* InfoPlist.strings in Resources */,
				7CACF8E812B5D1AF002E52F2 /* data in Resources */,
				7CD5046E165B1A60009581D7 /* external in Resources */,
				7CD5046F165B1A60009581D7 /* internal in Resources */,
			);
			runOnlyForDeploymentPostprocessing = 0;
		};
/* End PBXResourcesBuildPhase section */

/* Begin PBXSourcesBuildPhase section */
		8D11072C0486CEB800E47090 /* Sources */ = {
			isa = PBXSourcesBuildPhase;
			buildActionMask = 2147483647;
			files = (
				7C17EE2312BACFBF007B72A6 /* enable.c in Sources */,
				7C17EE2412BACFBF007B72A6 /* fullscreen.c in Sources */,
				7C17EE2512BACFBF007B72A6 /* glext.c in Sources */,
				7C17EE2612BACFBF007B72A6 /* image.c in Sources */,
				7C17EE2712BACFBF007B72A6 /* init.c in Sources */,
				7C17EE2812BACFBF007B72A6 /* input.c in Sources */,
				7C17EE2912BACFBF007B72A6 /* joystick.c in Sources */,
				7C17EE2A12BACFBF007B72A6 /* stream.c in Sources */,
				7C17EE2B12BACFBF007B72A6 /* tga.c in Sources */,
				7C17EE2C12BACFBF007B72A6 /* thread.c in Sources */,
				7C17EE2D12BACFBF007B72A6 /* time.c in Sources */,
				7C17EE2E12BACFBF007B72A6 /* window.c in Sources */,
				7C793CD3185BB4DE005EC3DF /* main.mm in Sources */,
				7C17EE3812BACFDC007B72A6 /* cocoa_enable.m in Sources */,
				7C17EE3912BACFDC007B72A6 /* cocoa_fullscreen.m in Sources */,
				7C17EE3A12BACFDC007B72A6 /* cocoa_glext.m in Sources */,
				7C17EE3B12BACFDC007B72A6 /* cocoa_init.m in Sources */,
				7C17EE3C12BACFDC007B72A6 /* cocoa_joystick.m in Sources */,
				7C17EE3D12BACFDC007B72A6 /* cocoa_thread.c in Sources */,
				7C17EE3E12BACFDC007B72A6 /* cocoa_time.m in Sources */,
				7C17EE3F12BACFDC007B72A6 /* cocoa_window.m in Sources */,
				7C17EE5212BAD553007B72A6 /* stb_image.c in Sources */,
				7C83FECA15730D2B007D5B80 /* stb_vorbis.c in Sources */,
			);
			runOnlyForDeploymentPostprocessing = 0;
		};
/* End PBXSourcesBuildPhase section */

/* Begin PBXVariantGroup section */
		089C165CFE840E0CC02AAC07 /* InfoPlist.strings */ = {
			isa = PBXVariantGroup;
			children = (
				089C165DFE840E0CC02AAC07 /* English */,
			);
			name = InfoPlist.strings;
			sourceTree = "<group>";
		};
/* End PBXVariantGroup section */

/* Begin XCBuildConfiguration section */
		C01FCF4B08A954540054247B /* Debug */ = {
			isa = XCBuildConfiguration;
			buildSettings = {
				ALWAYS_SEARCH_USER_PATHS = NO;
				COMBINE_HIDPI_IMAGES = YES;
				COPY_PHASE_STRIP = NO;
				GCC_DYNAMIC_NO_PIC = NO;
				GCC_MODEL_TUNING = G5;
				GCC_OPTIMIZATION_LEVEL = 0;
				GCC_PRECOMPILE_PREFIX_HEADER = YES;
				GCC_PREFIX_HEADER = MonkeyGame_Prefix.pch;
				INFOPLIST_FILE = "MonkeyGame-Info.plist";
				INSTALL_PATH = "$(HOME)/Applications";
				PRODUCT_NAME = MonkeyGame;
				SDKROOT = macosx;
				WARNING_CFLAGS = (
					"-Wno-parentheses",
					"-Wno-dangling-else",
				);
			};
			name = Debug;
		};
		C01FCF4C08A954540054247B /* Release */ = {
			isa = XCBuildConfiguration;
			buildSettings = {
				ALWAYS_SEARCH_USER_PATHS = NO;
				COMBINE_HIDPI_IMAGES = YES;
				DEBUG_INFORMATION_FORMAT = "dwarf-with-dsym";
				GCC_MODEL_TUNING = G5;
				GCC_PRECOMPILE_PREFIX_HEADER = YES;
				GCC_PREFIX_HEADER = MonkeyGame_Prefix.pch;
				INFOPLIST_FILE = "MonkeyGame-Info.plist";
				INSTALL_PATH = "$(HOME)/Applications";
				PRODUCT_NAME = MonkeyGame;
				SDKROOT = macosx;
				WARNING_CFLAGS = (
					"-Wno-parentheses",
					"-Wno-dangling-else",
				);
			};
			name = Release;
		};
		C01FCF4F08A954540054247B /* Debug */ = {
			isa = XCBuildConfiguration;
			buildSettings = {
				ARCHS = "$(ARCHS_STANDARD_32_64_BIT)";
				GCC_C_LANGUAGE_STANDARD = gnu99;
				GCC_OPTIMIZATION_LEVEL = 0;
				GCC_WARN_ABOUT_RETURN_TYPE = YES;
				GCC_WARN_UNUSED_VARIABLE = YES;
				HEADER_SEARCH_PATHS = (
					../glfw/include,
					../glfw/lib,
					../openal/include,
					../glfw/lib/cocoa,
					../stb,
				);
				ONLY_ACTIVE_ARCH = YES;
				SDKROOT = "";
			};
			name = Debug;
		};
		C01FCF5008A954540054247B /* Release */ = {
			isa = XCBuildConfiguration;
			buildSettings = {
				ARCHS = "$(ARCHS_STANDARD_32_64_BIT)";
				GCC_C_LANGUAGE_STANDARD = gnu99;
				GCC_WARN_ABOUT_RETURN_TYPE = YES;
				GCC_WARN_UNUSED_VARIABLE = YES;
				HEADER_SEARCH_PATHS = (
					../glfw/include,
					../glfw/lib,
					../openal/include,
					../glfw/lib/cocoa,
					../stb,
				);
				SDKROOT = "";
			};
			name = Release;
		};
/* End XCBuildConfiguration section */

/* Begin XCConfigurationList section */
		C01FCF4A08A954540054247B /* Build configuration list for PBXNativeTarget "MonkeyGame" */ = {
			isa = XCConfigurationList;
			buildConfigurations = (
				C01FCF4B08A954540054247B /* Debug */,
				C01FCF4C08A954540054247B /* Release */,
			);
			defaultConfigurationIsVisible = 0;
			defaultConfigurationName = Release;
		};
		C01FCF4E08A954540054247B /* Build configuration list for PBXProject "MonkeyGame" */ = {
			isa = XCConfigurationList;
			buildConfigurations = (
				C01FCF4F08A954540054247B /* Debug */,
				C01FCF5008A954540054247B /* Release */,
			);
			defaultConfigurationIsVisible = 0;
			defaultConfigurationName = Release;
		};
/* End XCConfigurationList section */
	};
	rootObject = 29B97313FDCFA39411CA2CEA /* Project object */;
}
