
Microsoft Visual Studio Solution File, Format Version 12.00
# Visual Studio Express 2012 for Windows Phone
Project("{8BC9CEB8-8B4A-11D0-8D11-00A0C91BC942}") = "MonkeyGame", "MonkeyGame.vcxproj", "{1B2639EB-9573-43E7-BAA3-20DDA08C1085}"
EndProject
Global
	GlobalSection(SolutionConfigurationPlatforms) = preSolution
		Debug|ARM = Debug|ARM
		Debug|Win32 = Debug|Win32
		Release|ARM = Release|ARM
		Release|Win32 = Release|Win32
	EndGlobalSection
	GlobalSection(ProjectConfigurationPlatforms) = postSolution
		{1B2639EB-9573-43E7-BAA3-20DDA08C1085}.Debug|ARM.ActiveCfg = Debug|ARM
		{1B2639EB-9573-43E7-BAA3-20DDA08C1085}.Debug|ARM.Build.0 = Debug|ARM
		{1B2639EB-9573-43E7-BAA3-20DDA08C1085}.Debug|ARM.Deploy.0 = Debug|ARM
		{1B2639EB-9573-43E7-BAA3-20DDA08C1085}.Debug|Win32.ActiveCfg = Debug|Win32
		{1B2639EB-9573-43E7-BAA3-20DDA08C1085}.Debug|Win32.Build.0 = Debug|Win32
		{1B2639EB-9573-43E7-BAA3-20DDA08C1085}.Debug|Win32.Deploy.0 = Debug|Win32
		{1B2639EB-9573-43E7-BAA3-20DDA08C1085}.Release|ARM.ActiveCfg = Release|ARM
		{1B2639EB-9573-43E7-BAA3-20DDA08C1085}.Release|ARM.Build.0 = Release|ARM
		{1B2639EB-9573-43E7-BAA3-20DDA08C1085}.Release|ARM.Deploy.0 = Release|ARM
		{1B2639EB-9573-43E7-BAA3-20DDA08C1085}.Release|Win32.ActiveCfg = Release|Win32
		{1B2639EB-9573-43E7-BAA3-20DDA08C1085}.Release|Win32.Build.0 = Release|Win32
		{1B2639EB-9573-43E7-BAA3-20DDA08C1085}.Release|Win32.Deploy.0 = Release|Win32
	EndGlobalSection
	GlobalSection(SolutionProperties) = preSolution
		HideSolutionNode = FALSE
	EndGlobalSection
EndGlobal
